
Microsoft Visual Studio Solution File, Format Version 12.00
# Visual Studio for Mac
Project("{FAE04EC0-301F-11D3-BF4B-00C04F79EFBC}") = "Assembly-CSharp", "Assembly-CSharp.csproj", "{ECBCC054-4029-3740-59DB-66551961A9BE}"
EndProject
Project("{FAE04EC0-301F-11D3-BF4B-00C04F79EFBC}") = "Assembly-CSharp-firstpass", "Assembly-CSharp-firstpass.csproj", "{E7D105C6-880E-083D-995F-9E3D29C702DC}"
EndProject
Project("{FAE04EC0-301F-11D3-BF4B-00C04F79EFBC}") = "Assembly-CSharp-Editor-firstpass", "Assembly-CSharp-Editor-firstpass.csproj", "{AD4A296C-2DFA-5809-3AD6-1E5DCC6E02CD}"
EndProject
Project("{FAE04EC0-301F-11D3-BF4B-00C04F79EFBC}") = "Assembly-CSharp-Editor", "Assembly-CSharp-Editor.csproj", "{97DDD76B-9929-F938-235C-AD07AF105249}"
EndProject
Global
	GlobalSection(SolutionConfigurationPlatforms) = preSolution
		Debug|Any CPU = Debug|Any CPU
		Release|Any CPU = Release|Any CPU
	EndGlobalSection
	GlobalSection(ProjectConfigurationPlatforms) = postSolution
		{ECBCC054-4029-3740-59DB-66551961A9BE}.Debug|Any CPU.ActiveCfg = Debug|Any CPU
		{ECBCC054-4029-3740-59DB-66551961A9BE}.Debug|Any CPU.Build.0 = Debug|Any CPU
		{ECBCC054-4029-3740-59DB-66551961A9BE}.Release|Any CPU.ActiveCfg = Release|Any CPU
		{ECBCC054-4029-3740-59DB-66551961A9BE}.Release|Any CPU.Build.0 = Release|Any CPU
		{E7D105C6-880E-083D-995F-9E3D29C702DC}.Debug|Any CPU.ActiveCfg = Debug|Any CPU
		{E7D105C6-880E-083D-995F-9E3D29C702DC}.Debug|Any CPU.Build.0 = Debug|Any CPU
		{E7D105C6-880E-083D-995F-9E3D29C702DC}.Release|Any CPU.ActiveCfg = Release|Any CPU
		{E7D105C6-880E-083D-995F-9E3D29C702DC}.Release|Any CPU.Build.0 = Release|Any CPU
		{AD4A296C-2DFA-5809-3AD6-1E5DCC6E02CD}.Debug|Any CPU.ActiveCfg = Debug|Any CPU
		{AD4A296C-2DFA-5809-3AD6-1E5DCC6E02CD}.Debug|Any CPU.Build.0 = Debug|Any CPU
		{AD4A296C-2DFA-5809-3AD6-1E5DCC6E02CD}.Release|Any CPU.ActiveCfg = Release|Any CPU
		{AD4A296C-2DFA-5809-3AD6-1E5DCC6E02CD}.Release|Any CPU.Build.0 = Release|Any CPU
		{97DDD76B-9929-F938-235C-AD07AF105249}.Debug|Any CPU.ActiveCfg = Debug|Any CPU
		{97DDD76B-9929-F938-235C-AD07AF105249}.Debug|Any CPU.Build.0 = Debug|Any CPU
		{97DDD76B-9929-F938-235C-AD07AF105249}.Release|Any CPU.ActiveCfg = Release|Any CPU
		{97DDD76B-9929-F938-235C-AD07AF105249}.Release|Any CPU.Build.0 = Release|Any CPU
	EndGlobalSection
	GlobalSection(SolutionProperties) = preSolution
		HideSolutionNode = FALSE
	EndGlobalSection
EndGlobal
