
Microsoft Visual Studio Solution File, Format Version 11.00
# Visual Studio 2010
Project("{FAE04EC0-301F-11D3-BF4B-00C04F79EFBC}") = "Assembly-CSharp", "Assembly-CSharp.csproj", "{6B81CD46-A4E7-2E82-8AFF-9A8D0C5D2F53}"
EndProject
Project("{FAE04EC0-301F-11D3-BF4B-00C04F79EFBC}") = "Assembly-CSharp-Editor", "Assembly-CSharp-Editor.csproj", "{5A84CEB6-9879-0CDD-4BBB-74D6A851A1AD}"
EndProject
Global
	GlobalSection(SolutionConfigurationPlatforms) = preSolution
		Debug|Any CPU = Debug|Any CPU
		Release|Any CPU = Release|Any CPU
	EndGlobalSection
	GlobalSection(ProjectConfigurationPlatforms) = postSolution
		{6B81CD46-A4E7-2E82-8AFF-9A8D0C5D2F53}.Debug|Any CPU.ActiveCfg = Debug|Any CPU
		{6B81CD46-A4E7-2E82-8AFF-9A8D0C5D2F53}.Debug|Any CPU.Build.0 = Debug|Any CPU
		{6B81CD46-A4E7-2E82-8AFF-9A8D0C5D2F53}.Release|Any CPU.ActiveCfg = Release|Any CPU
		{6B81CD46-A4E7-2E82-8AFF-9A8D0C5D2F53}.Release|Any CPU.Build.0 = Release|Any CPU
		{5A84CEB6-9879-0CDD-4BBB-74D6A851A1AD}.Debug|Any CPU.ActiveCfg = Debug|Any CPU
		{5A84CEB6-9879-0CDD-4BBB-74D6A851A1AD}.Debug|Any CPU.Build.0 = Debug|Any CPU
		{5A84CEB6-9879-0CDD-4BBB-74D6A851A1AD}.Release|Any CPU.ActiveCfg = Release|Any CPU
		{5A84CEB6-9879-0CDD-4BBB-74D6A851A1AD}.Release|Any CPU.Build.0 = Release|Any CPU
	EndGlobalSection
	GlobalSection(SolutionProperties) = preSolution
		HideSolutionNode = FALSE
	EndGlobalSection
	GlobalSection(MonoDevelopProperties) = preSolution
		StartupItem = Assembly-CSharp.csproj
	EndGlobalSection
EndGlobal
